
Microsoft Visual Studio Solution File, Format Version 12.00
# Visual Studio 15
VisualStudioVersion = 15.0.28307.489
MinimumVisualStudioVersion = 10.0.40219.1
Project("{FAE04EC0-301F-11D3-BF4B-00C04F79EFBC}") = "CohenSutherlandExample", "CohenSunderlandExample\CohenSutherlandExample.csproj", "{D5D6A5B3-6D73-4A19-B642-439FA2274586}"
EndProject
Global
	GlobalSection(SolutionConfigurationPlatforms) = preSolution
		Debug|Any CPU = Debug|Any CPU
		Release|Any CPU = Release|Any CPU
	EndGlobalSection
	GlobalSection(ProjectConfigurationPlatforms) = postSolution
		{D5D6A5B3-6D73-4A19-B642-439FA2274586}.Debug|Any CPU.ActiveCfg = Debug|Any CPU
		{D5D6A5B3-6D73-4A19-B642-439FA2274586}.Debug|Any CPU.Build.0 = Debug|Any CPU
		{D5D6A5B3-6D73-4A19-B642-439FA2274586}.Release|Any CPU.ActiveCfg = Release|Any CPU
		{D5D6A5B3-6D73-4A19-B642-439FA2274586}.Release|Any CPU.Build.0 = Release|Any CPU
	EndGlobalSection
	GlobalSection(SolutionProperties) = preSolution
		HideSolutionNode = FALSE
	EndGlobalSection
	GlobalSection(ExtensibilityGlobals) = postSolution
		SolutionGuid = {5384A7F2-408B-4720-B18A-E4589C48F94F}
	EndGlobalSection
EndGlobal
