
Microsoft Visual Studio Solution File, Format Version 12.00
# Visual Studio 15
VisualStudioVersion = 15.0.28307.902
MinimumVisualStudioVersion = 10.0.40219.1
Project("{FAE04EC0-301F-11D3-BF4B-00C04F79EFBC}") = "ComputacionGrafica", "ComputacionGrafica\ComputacionGrafica.csproj", "{C56C9D2A-B3E5-45B1-B190-70DB068C01B6}"
EndProject
Global
	GlobalSection(SolutionConfigurationPlatforms) = preSolution
		Debug|Any CPU = Debug|Any CPU
		Release|Any CPU = Release|Any CPU
	EndGlobalSection
	GlobalSection(ProjectConfigurationPlatforms) = postSolution
		{C56C9D2A-B3E5-45B1-B190-70DB068C01B6}.Debug|Any CPU.ActiveCfg = Debug|Any CPU
		{C56C9D2A-B3E5-45B1-B190-70DB068C01B6}.Debug|Any CPU.Build.0 = Debug|Any CPU
		{C56C9D2A-B3E5-45B1-B190-70DB068C01B6}.Release|Any CPU.ActiveCfg = Release|Any CPU
		{C56C9D2A-B3E5-45B1-B190-70DB068C01B6}.Release|Any CPU.Build.0 = Release|Any CPU
	EndGlobalSection
	GlobalSection(SolutionProperties) = preSolution
		HideSolutionNode = FALSE
	EndGlobalSection
	GlobalSection(ExtensibilityGlobals) = postSolution
		SolutionGuid = {89285D18-3638-40EB-8DB7-68931685A450}
	EndGlobalSection
EndGlobal
