
Microsoft Visual Studio Solution File, Format Version 12.00
# Visual Studio 15
VisualStudioVersion = 15.0.28307.489
MinimumVisualStudioVersion = 10.0.40219.1
Project("{FAE04EC0-301F-11D3-BF4B-00C04F79EFBC}") = "Exposicion", "Exposicion\Exposicion.csproj", "{E4283875-2EB6-4BBA-A24A-FC53426AFA62}"
EndProject
Global
	GlobalSection(SolutionConfigurationPlatforms) = preSolution
		Debug|Any CPU = Debug|Any CPU
		Release|Any CPU = Release|Any CPU
	EndGlobalSection
	GlobalSection(ProjectConfigurationPlatforms) = postSolution
		{E4283875-2EB6-4BBA-A24A-FC53426AFA62}.Debug|Any CPU.ActiveCfg = Debug|Any CPU
		{E4283875-2EB6-4BBA-A24A-FC53426AFA62}.Debug|Any CPU.Build.0 = Debug|Any CPU
		{E4283875-2EB6-4BBA-A24A-FC53426AFA62}.Release|Any CPU.ActiveCfg = Release|Any CPU
		{E4283875-2EB6-4BBA-A24A-FC53426AFA62}.Release|Any CPU.Build.0 = Release|Any CPU
	EndGlobalSection
	GlobalSection(SolutionProperties) = preSolution
		HideSolutionNode = FALSE
	EndGlobalSection
	GlobalSection(ExtensibilityGlobals) = postSolution
		SolutionGuid = {699F0D94-F3DA-47E0-831F-07038B9F33FB}
	EndGlobalSection
EndGlobal
